
Microsoft Visual Studio Solution File, Format Version 12.00
# Visual Studio 15
VisualStudioVersion = 15.0.27205.0
MinimumVisualStudioVersion = 10.0.40219.1
Project("{FAE04EC0-301F-11D3-BF4B-00C04F79EFBC}") = "RepositoryAnalyticsApi", "RepositoryAnalyticsApi\RepositoryAnalyticsApi.csproj", "{3FB597C8-DEED-4448-9315-EB94D05F9D22}"
EndProject
Project("{E53339B2-1760-4266-BCC7-CA923CBCF16C}") = "docker-compose", "docker-compose.dcproj", "{87EF9C4D-02C7-48E3-B754-A25907294348}"
EndProject
Global
	GlobalSection(SolutionConfigurationPlatforms) = preSolution
		Debug|Any CPU = Debug|Any CPU
		Release|Any CPU = Release|Any CPU
	EndGlobalSection
	GlobalSection(ProjectConfigurationPlatforms) = postSolution
		{3FB597C8-DEED-4448-9315-EB94D05F9D22}.Debug|Any CPU.ActiveCfg = Debug|Any CPU
		{3FB597C8-DEED-4448-9315-EB94D05F9D22}.Debug|Any CPU.Build.0 = Debug|Any CPU
		{3FB597C8-DEED-4448-9315-EB94D05F9D22}.Release|Any CPU.ActiveCfg = Release|Any CPU
		{3FB597C8-DEED-4448-9315-EB94D05F9D22}.Release|Any CPU.Build.0 = Release|Any CPU
		{87EF9C4D-02C7-48E3-B754-A25907294348}.Debug|Any CPU.ActiveCfg = Debug|Any CPU
		{87EF9C4D-02C7-48E3-B754-A25907294348}.Debug|Any CPU.Build.0 = Debug|Any CPU
		{87EF9C4D-02C7-48E3-B754-A25907294348}.Release|Any CPU.ActiveCfg = Release|Any CPU
		{87EF9C4D-02C7-48E3-B754-A25907294348}.Release|Any CPU.Build.0 = Release|Any CPU
	EndGlobalSection
	GlobalSection(SolutionProperties) = preSolution
		HideSolutionNode = FALSE
	EndGlobalSection
	GlobalSection(ExtensibilityGlobals) = postSolution
		SolutionGuid = {11E28828-DDCE-4752-B0CB-3E6AC1973C29}
	EndGlobalSection
EndGlobal
