
Microsoft Visual Studio Solution File, Format Version 12.00
# Visual Studio 15
VisualStudioVersion = 15.0.27130.2026
MinimumVisualStudioVersion = 10.0.40219.1
Project("{9A19103F-16F7-4668-BE54-9A1E7A4F7556}") = "RepositoryAnalyticsApi", "RepositoryAnalyticsApi\RepositoryAnalyticsApi.csproj", "{3FB597C8-DEED-4448-9315-EB94D05F9D22}"
EndProject
Project("{E53339B2-1760-4266-BCC7-CA923CBCF16C}") = "docker-compose", "docker-compose.dcproj", "{87EF9C4D-02C7-48E3-B754-A25907294348}"
EndProject
Project("{9A19103F-16F7-4668-BE54-9A1E7A4F7556}") = "RepositoryAnalyticsApi.Repositories", "RepositoryAnalyticsApi.Repositories\RepositoryAnalyticsApi.Repositories.csproj", "{A3A4734C-4234-41CD-818C-2460BFC04CEA}"
EndProject
Project("{9A19103F-16F7-4668-BE54-9A1E7A4F7556}") = "RepositoryAnalyticsApi.ServiceModel", "RepositoryAnalyticsApi.ServiceModel\RepositoryAnalyticsApi.ServiceModel.csproj", "{AD47E871-F89E-4DA6-9AF1-7DA349F0652A}"
EndProject
Project("{9A19103F-16F7-4668-BE54-9A1E7A4F7556}") = "RepositoryAnaltyicsApi.Interfaces", "RepositoryAnaltyicsApi.Interfaces\RepositoryAnaltyicsApi.Interfaces.csproj", "{6A084DFD-F54A-4D2B-B5F8-FA838D373131}"
EndProject
Project("{9A19103F-16F7-4668-BE54-9A1E7A4F7556}") = "RepositoryAnaltyicsApi.Controllers", "RepositoryAnaltyicsApi.Controllers\RepositoryAnaltyicsApi.Controllers.csproj", "{B684F6A5-0CEA-4217-B3AC-27A3AFBC7349}"
EndProject
Project("{9A19103F-16F7-4668-BE54-9A1E7A4F7556}") = "RepositoryAnaltyicsApi.Managers", "RepositoryAnaltyicsApi.Managers\RepositoryAnaltyicsApi.Managers.csproj", "{A6183E3B-50D3-4C98-A12F-936439C558EC}"
EndProject
Project("{2150E333-8FDC-42A3-9474-1A3956D46DE8}") = "git", "git", "{1602EDF1-9936-4268-8631-AD1C42C627EC}"
	ProjectSection(SolutionItems) = preProject
		..\.gitattributes = ..\.gitattributes
		..\.gitignore = ..\.gitignore
		..\README.md = ..\README.md
	EndProjectSection
EndProject
Project("{9A19103F-16F7-4668-BE54-9A1E7A4F7556}") = "RepositoryAnalyticsApi.Extensibility", "RepositoryAnalyticsApi.Extensibility\RepositoryAnalyticsApi.Extensibility.csproj", "{B89FAEEF-561E-44A3-969C-297F798A908C}"
EndProject
Project("{FAE04EC0-301F-11D3-BF4B-00C04F79EFBC}") = "RepositoryAnalyticsApi.Extensions", "RepositoryAnalyticsApi.Extensions\RepositoryAnalyticsApi.Extensions.csproj", "{4DB8CE5A-AB29-47F5-9789-EC91EC9B1753}"
EndProject
Global
	GlobalSection(SolutionConfigurationPlatforms) = preSolution
		Debug|Any CPU = Debug|Any CPU
		Release|Any CPU = Release|Any CPU
	EndGlobalSection
	GlobalSection(ProjectConfigurationPlatforms) = postSolution
		{3FB597C8-DEED-4448-9315-EB94D05F9D22}.Debug|Any CPU.ActiveCfg = Debug|Any CPU
		{3FB597C8-DEED-4448-9315-EB94D05F9D22}.Debug|Any CPU.Build.0 = Debug|Any CPU
		{3FB597C8-DEED-4448-9315-EB94D05F9D22}.Release|Any CPU.ActiveCfg = Release|Any CPU
		{3FB597C8-DEED-4448-9315-EB94D05F9D22}.Release|Any CPU.Build.0 = Release|Any CPU
		{87EF9C4D-02C7-48E3-B754-A25907294348}.Debug|Any CPU.ActiveCfg = Debug|Any CPU
		{87EF9C4D-02C7-48E3-B754-A25907294348}.Debug|Any CPU.Build.0 = Debug|Any CPU
		{87EF9C4D-02C7-48E3-B754-A25907294348}.Release|Any CPU.ActiveCfg = Release|Any CPU
		{87EF9C4D-02C7-48E3-B754-A25907294348}.Release|Any CPU.Build.0 = Release|Any CPU
		{A3A4734C-4234-41CD-818C-2460BFC04CEA}.Debug|Any CPU.ActiveCfg = Debug|Any CPU
		{A3A4734C-4234-41CD-818C-2460BFC04CEA}.Debug|Any CPU.Build.0 = Debug|Any CPU
		{A3A4734C-4234-41CD-818C-2460BFC04CEA}.Release|Any CPU.ActiveCfg = Release|Any CPU
		{A3A4734C-4234-41CD-818C-2460BFC04CEA}.Release|Any CPU.Build.0 = Release|Any CPU
		{AD47E871-F89E-4DA6-9AF1-7DA349F0652A}.Debug|Any CPU.ActiveCfg = Debug|Any CPU
		{AD47E871-F89E-4DA6-9AF1-7DA349F0652A}.Debug|Any CPU.Build.0 = Debug|Any CPU
		{AD47E871-F89E-4DA6-9AF1-7DA349F0652A}.Release|Any CPU.ActiveCfg = Release|Any CPU
		{AD47E871-F89E-4DA6-9AF1-7DA349F0652A}.Release|Any CPU.Build.0 = Release|Any CPU
		{6A084DFD-F54A-4D2B-B5F8-FA838D373131}.Debug|Any CPU.ActiveCfg = Debug|Any CPU
		{6A084DFD-F54A-4D2B-B5F8-FA838D373131}.Debug|Any CPU.Build.0 = Debug|Any CPU
		{6A084DFD-F54A-4D2B-B5F8-FA838D373131}.Release|Any CPU.ActiveCfg = Release|Any CPU
		{6A084DFD-F54A-4D2B-B5F8-FA838D373131}.Release|Any CPU.Build.0 = Release|Any CPU
		{B684F6A5-0CEA-4217-B3AC-27A3AFBC7349}.Debug|Any CPU.ActiveCfg = Debug|Any CPU
		{B684F6A5-0CEA-4217-B3AC-27A3AFBC7349}.Debug|Any CPU.Build.0 = Debug|Any CPU
		{B684F6A5-0CEA-4217-B3AC-27A3AFBC7349}.Release|Any CPU.ActiveCfg = Release|Any CPU
		{B684F6A5-0CEA-4217-B3AC-27A3AFBC7349}.Release|Any CPU.Build.0 = Release|Any CPU
		{A6183E3B-50D3-4C98-A12F-936439C558EC}.Debug|Any CPU.ActiveCfg = Debug|Any CPU
		{A6183E3B-50D3-4C98-A12F-936439C558EC}.Debug|Any CPU.Build.0 = Debug|Any CPU
		{A6183E3B-50D3-4C98-A12F-936439C558EC}.Release|Any CPU.ActiveCfg = Release|Any CPU
		{A6183E3B-50D3-4C98-A12F-936439C558EC}.Release|Any CPU.Build.0 = Release|Any CPU
		{B89FAEEF-561E-44A3-969C-297F798A908C}.Debug|Any CPU.ActiveCfg = Debug|Any CPU
		{B89FAEEF-561E-44A3-969C-297F798A908C}.Debug|Any CPU.Build.0 = Debug|Any CPU
		{B89FAEEF-561E-44A3-969C-297F798A908C}.Release|Any CPU.ActiveCfg = Release|Any CPU
		{B89FAEEF-561E-44A3-969C-297F798A908C}.Release|Any CPU.Build.0 = Release|Any CPU
		{4DB8CE5A-AB29-47F5-9789-EC91EC9B1753}.Debug|Any CPU.ActiveCfg = Debug|Any CPU
		{4DB8CE5A-AB29-47F5-9789-EC91EC9B1753}.Debug|Any CPU.Build.0 = Debug|Any CPU
		{4DB8CE5A-AB29-47F5-9789-EC91EC9B1753}.Release|Any CPU.ActiveCfg = Release|Any CPU
		{4DB8CE5A-AB29-47F5-9789-EC91EC9B1753}.Release|Any CPU.Build.0 = Release|Any CPU
	EndGlobalSection
	GlobalSection(SolutionProperties) = preSolution
		HideSolutionNode = FALSE
	EndGlobalSection
	GlobalSection(ExtensibilityGlobals) = postSolution
		SolutionGuid = {11E28828-DDCE-4752-B0CB-3E6AC1973C29}
	EndGlobalSection
EndGlobal
